
Microsoft Visual Studio Solution File, Format Version 12.00
# Visual Studio Version 16
VisualStudioVersion = 16.0.30804.86
MinimumVisualStudioVersion = 10.0.40219.1
Project("{FAE04EC0-301F-11D3-BF4B-00C04F79EFBC}") = "RandomOrderConsoleApp", "RandomOrderConsoleApp\RandomOrderConsoleApp.csproj", "{77D0A604-D911-4C8A-9118-DA976598D550}"
EndProject
Global
	GlobalSection(SolutionConfigurationPlatforms) = preSolution
		Debug|Any CPU = Debug|Any CPU
		Release|Any CPU = Release|Any CPU
	EndGlobalSection
	GlobalSection(ProjectConfigurationPlatforms) = postSolution
		{77D0A604-D911-4C8A-9118-DA976598D550}.Debug|Any CPU.ActiveCfg = Debug|Any CPU
		{77D0A604-D911-4C8A-9118-DA976598D550}.Debug|Any CPU.Build.0 = Debug|Any CPU
		{77D0A604-D911-4C8A-9118-DA976598D550}.Release|Any CPU.ActiveCfg = Release|Any CPU
		{77D0A604-D911-4C8A-9118-DA976598D550}.Release|Any CPU.Build.0 = Release|Any CPU
	EndGlobalSection
	GlobalSection(SolutionProperties) = preSolution
		HideSolutionNode = FALSE
	EndGlobalSection
	GlobalSection(ExtensibilityGlobals) = postSolution
		SolutionGuid = {2E6A19CA-B7AE-4CC1-B9B0-D788EE85DB24}
	EndGlobalSection
EndGlobal
